
Microsoft Visual Studio Solution File, Format Version 12.00
# Visual Studio Version 16
VisualStudioVersion = 16.0.31005.135
MinimumVisualStudioVersion = 10.0.40219.1
Project("{FAE04EC0-301F-11D3-BF4B-00C04F79EFBC}") = "CalculoIMC2021", "CalculoIMC2021\CalculoIMC2021.csproj", "{C8A2AE66-F1AA-4439-9847-8F4B5A8356C8}"
EndProject
Global
	GlobalSection(SolutionConfigurationPlatforms) = preSolution
		Debug|Any CPU = Debug|Any CPU
		Release|Any CPU = Release|Any CPU
	EndGlobalSection
	GlobalSection(ProjectConfigurationPlatforms) = postSolution
		{C8A2AE66-F1AA-4439-9847-8F4B5A8356C8}.Debug|Any CPU.ActiveCfg = Debug|Any CPU
		{C8A2AE66-F1AA-4439-9847-8F4B5A8356C8}.Debug|Any CPU.Build.0 = Debug|Any CPU
		{C8A2AE66-F1AA-4439-9847-8F4B5A8356C8}.Release|Any CPU.ActiveCfg = Release|Any CPU
		{C8A2AE66-F1AA-4439-9847-8F4B5A8356C8}.Release|Any CPU.Build.0 = Release|Any CPU
	EndGlobalSection
	GlobalSection(SolutionProperties) = preSolution
		HideSolutionNode = FALSE
	EndGlobalSection
	GlobalSection(ExtensibilityGlobals) = postSolution
		SolutionGuid = {CEB5A787-DE1B-4C74-9050-B0E616261EC7}
	EndGlobalSection
EndGlobal
